// !$*UTF8*$!
{
	archiveVersion = 1;
	classes = {
	};
	objectVersion = 50;
	objects = {

/* Begin PBXBuildFile section */
		8DC70EDB23C4C42800221384 /* AppDelegate.swift in Sources */ = {isa = PBXBuildFile; fileRef = 8DC70EDA23C4C42800221384 /* AppDelegate.swift */; };
		8DC70EDD23C4C42800221384 /* SceneDelegate.swift in Sources */ = {isa = PBXBuildFile; fileRef = 8DC70EDC23C4C42800221384 /* SceneDelegate.swift */; };
		8DC70EE423C4C42900221384 /* Assets.xcassets in Resources */ = {isa = PBXBuildFile; fileRef = 8DC70EE323C4C42900221384 /* Assets.xcassets */; };
		8DC70EE723C4C42900221384 /* LaunchScreen.storyboard in Resources */ = {isa = PBXBuildFile; fileRef = 8DC70EE523C4C42900221384 /* LaunchScreen.storyboard */; };
		8DC70EF923C4C4FF00221384 /* ApplicationCoordinator.swift in Sources */ = {isa = PBXBuildFile; fileRef = 8DC70EF823C4C4FF00221384 /* ApplicationCoordinator.swift */; };
		8DC70EFC23C4C5F800221384 /* HomeViewController.swift in Sources */ = {isa = PBXBuildFile; fileRef = 8DC70EFA23C4C5F800221384 /* HomeViewController.swift */; };
		8DC70EFD23C4C5F800221384 /* HomeViewController.xib in Resources */ = {isa = PBXBuildFile; fileRef = 8DC70EFB23C4C5F800221384 /* HomeViewController.xib */; };
		8DC70EFF23C4C62300221384 /* SceneBuilder.swift in Sources */ = {isa = PBXBuildFile; fileRef = 8DC70EFE23C4C62300221384 /* SceneBuilder.swift */; };
		8DC70F0123C4C8C900221384 /* HomePresenter.swift in Sources */ = {isa = PBXBuildFile; fileRef = 8DC70F0023C4C8C900221384 /* HomePresenter.swift */; };
		8DC70F0323C4CB1A00221384 /* Main.storyboard in Resources */ = {isa = PBXBuildFile; fileRef = 8DC70F0223C4CB1A00221384 /* Main.storyboard */; };
		8DC70F0523C4CB8B00221384 /* HomeSceneCoordinator.swift in Sources */ = {isa = PBXBuildFile; fileRef = 8DC70F0423C4CB8B00221384 /* HomeSceneCoordinator.swift */; };
		8DC70F0823C4D13A00221384 /* SettingsViewController.swift in Sources */ = {isa = PBXBuildFile; fileRef = 8DC70F0623C4D13A00221384 /* SettingsViewController.swift */; };
		8DC70F0923C4D13A00221384 /* SettingsViewController.xib in Resources */ = {isa = PBXBuildFile; fileRef = 8DC70F0723C4D13A00221384 /* SettingsViewController.xib */; };
		8DC70F0B23C4D16800221384 /* SettingsPresenter.swift in Sources */ = {isa = PBXBuildFile; fileRef = 8DC70F0A23C4D16800221384 /* SettingsPresenter.swift */; };
		8DC70F0D23C4D21700221384 /* SettingsSceneCoordinator.swift in Sources */ = {isa = PBXBuildFile; fileRef = 8DC70F0C23C4D21700221384 /* SettingsSceneCoordinator.swift */; };
		8DC70F1123C4DFD400221384 /* FilmCollectionViewCell.swift in Sources */ = {isa = PBXBuildFile; fileRef = 8DC70F0F23C4DFD400221384 /* FilmCollectionViewCell.swift */; };
		8DC70F1223C4DFD400221384 /* FilmCollectionViewCell.xib in Resources */ = {isa = PBXBuildFile; fileRef = 8DC70F1023C4DFD400221384 /* FilmCollectionViewCell.xib */; };
		8DC70F1423C4ECC100221384 /* Film.swift in Sources */ = {isa = PBXBuildFile; fileRef = 8DC70F1323C4ECC100221384 /* Film.swift */; };
		8DC70F1623C4F6C900221384 /* DataService.swift in Sources */ = {isa = PBXBuildFile; fileRef = 8DC70F1523C4F6C900221384 /* DataService.swift */; };
		8DC70F1823C5E66600221384 /* CollectionHeaderView.swift in Sources */ = {isa = PBXBuildFile; fileRef = 8DC70F1723C5E66600221384 /* CollectionHeaderView.swift */; };
		8DC70F1A23C5E75E00221384 /* HomeTitleView.swift in Sources */ = {isa = PBXBuildFile; fileRef = 8DC70F1923C5E75E00221384 /* HomeTitleView.swift */; };
		8DC70F1C23C5ED2100221384 /* HomeNavigationController.swift in Sources */ = {isa = PBXBuildFile; fileRef = 8DC70F1B23C5ED2100221384 /* HomeNavigationController.swift */; };
		8DC70F2123C5F34000221384 /* XibView.swift in Sources */ = {isa = PBXBuildFile; fileRef = 8DC70F2023C5F34000221384 /* XibView.swift */; };
		8DC70F2323C5F4C700221384 /* HeaderView.swift in Sources */ = {isa = PBXBuildFile; fileRef = 8DC70F2223C5F4C700221384 /* HeaderView.swift */; };
		8DC70F2523C5F4D700221384 /* HeaderView.xib in Resources */ = {isa = PBXBuildFile; fileRef = 8DC70F2423C5F4D700221384 /* HeaderView.xib */; };
		8DC70F2C23C609F300221384 /* LocalVideo3.MOV in Resources */ = {isa = PBXBuildFile; fileRef = 8DC70F2723C609EA00221384 /* LocalVideo3.MOV */; };
		8DC70F2D23C609F300221384 /* LocalVideo1.MOV in Resources */ = {isa = PBXBuildFile; fileRef = 8DC70F2823C609ED00221384 /* LocalVideo1.MOV */; };
		8DC70F2E23C609F300221384 /* LocalVideo2.MOV in Resources */ = {isa = PBXBuildFile; fileRef = 8DC70F2923C609EF00221384 /* LocalVideo2.MOV */; };
		8DC70F2F23C609F300221384 /* LocalVideo4.MOV in Resources */ = {isa = PBXBuildFile; fileRef = 8DC70F2A23C609F100221384 /* LocalVideo4.MOV */; };
		8DC70F3023C609F300221384 /* LocalVideo5.MOV in Resources */ = {isa = PBXBuildFile; fileRef = 8DC70F2B23C609F300221384 /* LocalVideo5.MOV */; };
		8DC70F3223C60D2900221384 /* TrailerView.swift in Sources */ = {isa = PBXBuildFile; fileRef = 8DC70F3123C60D2900221384 /* TrailerView.swift */; };
		8DC70F3423C60DD000221384 /* VideoPlayerView.swift in Sources */ = {isa = PBXBuildFile; fileRef = 8DC70F3323C60DD000221384 /* VideoPlayerView.swift */; };
/* End PBXBuildFile section */

/* Begin PBXFileReference section */
		8DC70ED723C4C42800221384 /* MVP.app */ = {isa = PBXFileReference; explicitFileType = wrapper.application; includeInIndex = 0; path = MVP.app; sourceTree = BUILT_PRODUCTS_DIR; };
		8DC70EDA23C4C42800221384 /* AppDelegate.swift */ = {isa = PBXFileReference; lastKnownFileType = sourcecode.swift; path = AppDelegate.swift; sourceTree = "<group>"; };
		8DC70EDC23C4C42800221384 /* SceneDelegate.swift */ = {isa = PBXFileReference; lastKnownFileType = sourcecode.swift; path = SceneDelegate.swift; sourceTree = "<group>"; };
		8DC70EE323C4C42900221384 /* Assets.xcassets */ = {isa = PBXFileReference; lastKnownFileType = folder.assetcatalog; path = Assets.xcassets; sourceTree = "<group>"; };
		8DC70EE623C4C42900221384 /* Base */ = {isa = PBXFileReference; lastKnownFileType = file.storyboard; name = Base; path = Base.lproj/LaunchScreen.storyboard; sourceTree = "<group>"; };
		8DC70EE823C4C42900221384 /* Info.plist */ = {isa = PBXFileReference; lastKnownFileType = text.plist.xml; path = Info.plist; sourceTree = "<group>"; };
		8DC70EF823C4C4FF00221384 /* ApplicationCoordinator.swift */ = {isa = PBXFileReference; lastKnownFileType = sourcecode.swift; path = ApplicationCoordinator.swift; sourceTree = "<group>"; };
		8DC70EFA23C4C5F800221384 /* HomeViewController.swift */ = {isa = PBXFileReference; lastKnownFileType = sourcecode.swift; path = HomeViewController.swift; sourceTree = "<group>"; };
		8DC70EFB23C4C5F800221384 /* HomeViewController.xib */ = {isa = PBXFileReference; lastKnownFileType = file.xib; path = HomeViewController.xib; sourceTree = "<group>"; };
		8DC70EFE23C4C62300221384 /* SceneBuilder.swift */ = {isa = PBXFileReference; lastKnownFileType = sourcecode.swift; path = SceneBuilder.swift; sourceTree = "<group>"; };
		8DC70F0023C4C8C900221384 /* HomePresenter.swift */ = {isa = PBXFileReference; lastKnownFileType = sourcecode.swift; path = HomePresenter.swift; sourceTree = "<group>"; };
		8DC70F0223C4CB1A00221384 /* Main.storyboard */ = {isa = PBXFileReference; fileEncoding = 4; lastKnownFileType = file.storyboard; path = Main.storyboard; sourceTree = "<group>"; };
		8DC70F0423C4CB8B00221384 /* HomeSceneCoordinator.swift */ = {isa = PBXFileReference; lastKnownFileType = sourcecode.swift; path = HomeSceneCoordinator.swift; sourceTree = "<group>"; };
		8DC70F0623C4D13A00221384 /* SettingsViewController.swift */ = {isa = PBXFileReference; lastKnownFileType = sourcecode.swift; path = SettingsViewController.swift; sourceTree = "<group>"; };
		8DC70F0723C4D13A00221384 /* SettingsViewController.xib */ = {isa = PBXFileReference; lastKnownFileType = file.xib; path = SettingsViewController.xib; sourceTree = "<group>"; };
		8DC70F0A23C4D16800221384 /* SettingsPresenter.swift */ = {isa = PBXFileReference; lastKnownFileType = sourcecode.swift; path = SettingsPresenter.swift; sourceTree = "<group>"; };
		8DC70F0C23C4D21700221384 /* SettingsSceneCoordinator.swift */ = {isa = PBXFileReference; lastKnownFileType = sourcecode.swift; path = SettingsSceneCoordinator.swift; sourceTree = "<group>"; };
		8DC70F0F23C4DFD400221384 /* FilmCollectionViewCell.swift */ = {isa = PBXFileReference; lastKnownFileType = sourcecode.swift; path = FilmCollectionViewCell.swift; sourceTree = "<group>"; };
		8DC70F1023C4DFD400221384 /* FilmCollectionViewCell.xib */ = {isa = PBXFileReference; lastKnownFileType = file.xib; path = FilmCollectionViewCell.xib; sourceTree = "<group>"; };
		8DC70F1323C4ECC100221384 /* Film.swift */ = {isa = PBXFileReference; lastKnownFileType = sourcecode.swift; path = Film.swift; sourceTree = "<group>"; };
		8DC70F1523C4F6C900221384 /* DataService.swift */ = {isa = PBXFileReference; lastKnownFileType = sourcecode.swift; path = DataService.swift; sourceTree = "<group>"; };
		8DC70F1723C5E66600221384 /* CollectionHeaderView.swift */ = {isa = PBXFileReference; lastKnownFileType = sourcecode.swift; path = CollectionHeaderView.swift; sourceTree = "<group>"; };
		8DC70F1923C5E75E00221384 /* HomeTitleView.swift */ = {isa = PBXFileReference; lastKnownFileType = sourcecode.swift; path = HomeTitleView.swift; sourceTree = "<group>"; };
		8DC70F1B23C5ED2100221384 /* HomeNavigationController.swift */ = {isa = PBXFileReference; lastKnownFileType = sourcecode.swift; path = HomeNavigationController.swift; sourceTree = "<group>"; };
		8DC70F2023C5F34000221384 /* XibView.swift */ = {isa = PBXFileReference; lastKnownFileType = sourcecode.swift; path = XibView.swift; sourceTree = "<group>"; };
		8DC70F2223C5F4C700221384 /* HeaderView.swift */ = {isa = PBXFileReference; lastKnownFileType = sourcecode.swift; path = HeaderView.swift; sourceTree = "<group>"; };
		8DC70F2423C5F4D700221384 /* HeaderView.xib */ = {isa = PBXFileReference; lastKnownFileType = file.xib; path = HeaderView.xib; sourceTree = "<group>"; };
		8DC70F2723C609EA00221384 /* LocalVideo3.MOV */ = {isa = PBXFileReference; lastKnownFileType = video.quicktime; path = LocalVideo3.MOV; sourceTree = "<group>"; };
		8DC70F2823C609ED00221384 /* LocalVideo1.MOV */ = {isa = PBXFileReference; lastKnownFileType = video.quicktime; path = LocalVideo1.MOV; sourceTree = "<group>"; };
		8DC70F2923C609EF00221384 /* LocalVideo2.MOV */ = {isa = PBXFileReference; lastKnownFileType = video.quicktime; path = LocalVideo2.MOV; sourceTree = "<group>"; };
		8DC70F2A23C609F100221384 /* LocalVideo4.MOV */ = {isa = PBXFileReference; lastKnownFileType = video.quicktime; path = LocalVideo4.MOV; sourceTree = "<group>"; };
		8DC70F2B23C609F300221384 /* LocalVideo5.MOV */ = {isa = PBXFileReference; lastKnownFileType = video.quicktime; path = LocalVideo5.MOV; sourceTree = "<group>"; };
		8DC70F3123C60D2900221384 /* TrailerView.swift */ = {isa = PBXFileReference; lastKnownFileType = sourcecode.swift; path = TrailerView.swift; sourceTree = "<group>"; };
		8DC70F3323C60DD000221384 /* VideoPlayerView.swift */ = {isa = PBXFileReference; lastKnownFileType = sourcecode.swift; path = VideoPlayerView.swift; sourceTree = "<group>"; };
/* End PBXFileReference section */

/* Begin PBXFrameworksBuildPhase section */
		8DC70ED423C4C42800221384 /* Frameworks */ = {
			isa = PBXFrameworksBuildPhase;
			buildActionMask = 2147483647;
			files = (
			);
			runOnlyForDeploymentPostprocessing = 0;
		};
/* End PBXFrameworksBuildPhase section */

/* Begin PBXGroup section */
		8DC70ECE23C4C42800221384 = {
			isa = PBXGroup;
			children = (
				8DC70ED923C4C42800221384 /* MVP */,
				8DC70ED823C4C42800221384 /* Products */,
			);
			sourceTree = "<group>";
		};
		8DC70ED823C4C42800221384 /* Products */ = {
			isa = PBXGroup;
			children = (
				8DC70ED723C4C42800221384 /* MVP.app */,
			);
			name = Products;
			sourceTree = "<group>";
		};
		8DC70ED923C4C42800221384 /* MVP */ = {
			isa = PBXGroup;
			children = (
				8DC70EF023C4C45A00221384 /* Model */,
				8DC70EEF23C4C45200221384 /* View */,
				8DC70EEE23C4C44000221384 /* Presenter */,
				8DC70F1F23C5F32C00221384 /* UILib */,
				8DC70EF123C4C46C00221384 /* Service */,
				8DC70EF723C4C4D400221384 /* Coordinator */,
				8DC70EF223C4C47700221384 /* Resources */,
				8DC70EDA23C4C42800221384 /* AppDelegate.swift */,
				8DC70EDC23C4C42800221384 /* SceneDelegate.swift */,
				8DC70EE823C4C42900221384 /* Info.plist */,
			);
			path = MVP;
			sourceTree = "<group>";
		};
		8DC70EEE23C4C44000221384 /* Presenter */ = {
			isa = PBXGroup;
			children = (
				8DC70F0023C4C8C900221384 /* HomePresenter.swift */,
				8DC70F0A23C4D16800221384 /* SettingsPresenter.swift */,
			);
			path = Presenter;
			sourceTree = "<group>";
		};
		8DC70EEF23C4C45200221384 /* View */ = {
			isa = PBXGroup;
			children = (
				8DC70F1D23C5ED2C00221384 /* HomeArea */,
				8DC70F1E23C5ED4200221384 /* SettingsArea */,
			);
			path = View;
			sourceTree = "<group>";
		};
		8DC70EF023C4C45A00221384 /* Model */ = {
			isa = PBXGroup;
			children = (
				8DC70F1323C4ECC100221384 /* Film.swift */,
			);
			path = Model;
			sourceTree = "<group>";
		};
		8DC70EF123C4C46C00221384 /* Service */ = {
			isa = PBXGroup;
			children = (
				8DC70F1523C4F6C900221384 /* DataService.swift */,
			);
			path = Service;
			sourceTree = "<group>";
		};
		8DC70EF223C4C47700221384 /* Resources */ = {
			isa = PBXGroup;
			children = (
				8DC70EF323C4C48A00221384 /* View */,
				8DC70F2623C609BE00221384 /* LocalVideos */,
				8DC70EE323C4C42900221384 /* Assets.xcassets */,
			);
			path = Resources;
			sourceTree = "<group>";
		};
		8DC70EF323C4C48A00221384 /* View */ = {
			isa = PBXGroup;
			children = (
				8DC70EF623C4C4A700221384 /* Xib */,
				8DC70EF523C4C4A300221384 /* Cell */,
				8DC70EF423C4C49700221384 /* Stroryboard */,
			);
			path = View;
			sourceTree = "<group>";
		};
		8DC70EF423C4C49700221384 /* Stroryboard */ = {
			isa = PBXGroup;
			children = (
				8DC70F0223C4CB1A00221384 /* Main.storyboard */,
				8DC70EE523C4C42900221384 /* LaunchScreen.storyboard */,
			);
			path = Stroryboard;
			sourceTree = "<group>";
		};
		8DC70EF523C4C4A300221384 /* Cell */ = {
			isa = PBXGroup;
			children = (
				8DC70F1023C4DFD400221384 /* FilmCollectionViewCell.xib */,
			);
			path = Cell;
			sourceTree = "<group>";
		};
		8DC70EF623C4C4A700221384 /* Xib */ = {
			isa = PBXGroup;
			children = (
				8DC70EFB23C4C5F800221384 /* HomeViewController.xib */,
				8DC70F0723C4D13A00221384 /* SettingsViewController.xib */,
				8DC70F2423C5F4D700221384 /* HeaderView.xib */,
			);
			path = Xib;
			sourceTree = "<group>";
		};
		8DC70EF723C4C4D400221384 /* Coordinator */ = {
			isa = PBXGroup;
			children = (
				8DC70F0423C4CB8B00221384 /* HomeSceneCoordinator.swift */,
				8DC70F0C23C4D21700221384 /* SettingsSceneCoordinator.swift */,
				8DC70EF823C4C4FF00221384 /* ApplicationCoordinator.swift */,
				8DC70EFE23C4C62300221384 /* SceneBuilder.swift */,
			);
			path = Coordinator;
			sourceTree = "<group>";
		};
		8DC70F0E23C4DFB300221384 /* Cell */ = {
			isa = PBXGroup;
			children = (
				8DC70F0F23C4DFD400221384 /* FilmCollectionViewCell.swift */,
			);
			path = Cell;
			sourceTree = "<group>";
		};
		8DC70F1D23C5ED2C00221384 /* HomeArea */ = {
			isa = PBXGroup;
			children = (
				8DC70F0E23C4DFB300221384 /* Cell */,
				8DC70EFA23C4C5F800221384 /* HomeViewController.swift */,
				8DC70F1B23C5ED2100221384 /* HomeNavigationController.swift */,
				8DC70F2223C5F4C700221384 /* HeaderView.swift */,
				8DC70F1723C5E66600221384 /* CollectionHeaderView.swift */,
				8DC70F1923C5E75E00221384 /* HomeTitleView.swift */,
				8DC70F3123C60D2900221384 /* TrailerView.swift */,
			);
			path = HomeArea;
			sourceTree = "<group>";
		};
		8DC70F1E23C5ED4200221384 /* SettingsArea */ = {
			isa = PBXGroup;
			children = (
				8DC70F0623C4D13A00221384 /* SettingsViewController.swift */,
			);
			path = SettingsArea;
			sourceTree = "<group>";
		};
		8DC70F1F23C5F32C00221384 /* UILib */ = {
			isa = PBXGroup;
			children = (
				8DC70F2023C5F34000221384 /* XibView.swift */,
				8DC70F3323C60DD000221384 /* VideoPlayerView.swift */,
			);
			path = UILib;
			sourceTree = "<group>";
		};
		8DC70F2623C609BE00221384 /* LocalVideos */ = {
			isa = PBXGroup;
			children = (
				8DC70F2823C609ED00221384 /* LocalVideo1.MOV */,
				8DC70F2923C609EF00221384 /* LocalVideo2.MOV */,
				8DC70F2723C609EA00221384 /* LocalVideo3.MOV */,
				8DC70F2A23C609F100221384 /* LocalVideo4.MOV */,
				8DC70F2B23C609F300221384 /* LocalVideo5.MOV */,
			);
			path = LocalVideos;
			sourceTree = "<group>";
		};
/* End PBXGroup section */

/* Begin PBXNativeTarget section */
		8DC70ED623C4C42800221384 /* MVP */ = {
			isa = PBXNativeTarget;
			buildConfigurationList = 8DC70EEB23C4C42900221384 /* Build configuration list for PBXNativeTarget "MVP" */;
			buildPhases = (
				8DC70ED323C4C42800221384 /* Sources */,
				8DC70ED423C4C42800221384 /* Frameworks */,
				8DC70ED523C4C42800221384 /* Resources */,
			);
			buildRules = (
			);
			dependencies = (
			);
			name = MVP;
			productName = MVP;
			productReference = 8DC70ED723C4C42800221384 /* MVP.app */;
			productType = "com.apple.product-type.application";
		};
/* End PBXNativeTarget section */

/* Begin PBXProject section */
		8DC70ECF23C4C42800221384 /* Project object */ = {
			isa = PBXProject;
			attributes = {
				LastSwiftUpdateCheck = 1120;
				LastUpgradeCheck = 1120;
				ORGANIZATIONNAME = "Nikita Lizogubov";
				TargetAttributes = {
					8DC70ED623C4C42800221384 = {
						CreatedOnToolsVersion = 11.2.1;
					};
				};
			};
			buildConfigurationList = 8DC70ED223C4C42800221384 /* Build configuration list for PBXProject "MVP" */;
			compatibilityVersion = "Xcode 9.3";
			developmentRegion = en;
			hasScannedForEncodings = 0;
			knownRegions = (
				en,
				Base,
			);
			mainGroup = 8DC70ECE23C4C42800221384;
			productRefGroup = 8DC70ED823C4C42800221384 /* Products */;
			projectDirPath = "";
			projectRoot = "";
			targets = (
				8DC70ED623C4C42800221384 /* MVP */,
			);
		};
/* End PBXProject section */

/* Begin PBXResourcesBuildPhase section */
		8DC70ED523C4C42800221384 /* Resources */ = {
			isa = PBXResourcesBuildPhase;
			buildActionMask = 2147483647;
			files = (
				8DC70F3023C609F300221384 /* LocalVideo5.MOV in Resources */,
				8DC70F2C23C609F300221384 /* LocalVideo3.MOV in Resources */,
				8DC70EE723C4C42900221384 /* LaunchScreen.storyboard in Resources */,
				8DC70EE423C4C42900221384 /* Assets.xcassets in Resources */,
				8DC70F2D23C609F300221384 /* LocalVideo1.MOV in Resources */,
				8DC70EFD23C4C5F800221384 /* HomeViewController.xib in Resources */,
				8DC70F0323C4CB1A00221384 /* Main.storyboard in Resources */,
				8DC70F2F23C609F300221384 /* LocalVideo4.MOV in Resources */,
				8DC70F2E23C609F300221384 /* LocalVideo2.MOV in Resources */,
				8DC70F1223C4DFD400221384 /* FilmCollectionViewCell.xib in Resources */,
				8DC70F0923C4D13A00221384 /* SettingsViewController.xib in Resources */,
				8DC70F2523C5F4D700221384 /* HeaderView.xib in Resources */,
			);
			runOnlyForDeploymentPostprocessing = 0;
		};
/* End PBXResourcesBuildPhase section */

/* Begin PBXSourcesBuildPhase section */
		8DC70ED323C4C42800221384 /* Sources */ = {
			isa = PBXSourcesBuildPhase;
			buildActionMask = 2147483647;
			files = (
				8DC70F0523C4CB8B00221384 /* HomeSceneCoordinator.swift in Sources */,
				8DC70F2323C5F4C700221384 /* HeaderView.swift in Sources */,
				8DC70F1623C4F6C900221384 /* DataService.swift in Sources */,
				8DC70F1423C4ECC100221384 /* Film.swift in Sources */,
				8DC70EDB23C4C42800221384 /* AppDelegate.swift in Sources */,
				8DC70EDD23C4C42800221384 /* SceneDelegate.swift in Sources */,
				8DC70F2123C5F34000221384 /* XibView.swift in Sources */,
				8DC70EF923C4C4FF00221384 /* ApplicationCoordinator.swift in Sources */,
				8DC70F1C23C5ED2100221384 /* HomeNavigationController.swift in Sources */,
				8DC70F0123C4C8C900221384 /* HomePresenter.swift in Sources */,
				8DC70F0B23C4D16800221384 /* SettingsPresenter.swift in Sources */,
				8DC70EFC23C4C5F800221384 /* HomeViewController.swift in Sources */,
				8DC70EFF23C4C62300221384 /* SceneBuilder.swift in Sources */,
				8DC70F0D23C4D21700221384 /* SettingsSceneCoordinator.swift in Sources */,
				8DC70F1823C5E66600221384 /* CollectionHeaderView.swift in Sources */,
				8DC70F1123C4DFD400221384 /* FilmCollectionViewCell.swift in Sources */,
				8DC70F3223C60D2900221384 /* TrailerView.swift in Sources */,
				8DC70F0823C4D13A00221384 /* SettingsViewController.swift in Sources */,
				8DC70F1A23C5E75E00221384 /* HomeTitleView.swift in Sources */,
				8DC70F3423C60DD000221384 /* VideoPlayerView.swift in Sources */,
			);
			runOnlyForDeploymentPostprocessing = 0;
		};
/* End PBXSourcesBuildPhase section */

/* Begin PBXVariantGroup section */
		8DC70EE523C4C42900221384 /* LaunchScreen.storyboard */ = {
			isa = PBXVariantGroup;
			children = (
				8DC70EE623C4C42900221384 /* Base */,
			);
			name = LaunchScreen.storyboard;
			sourceTree = "<group>";
		};
/* End PBXVariantGroup section */

/* Begin XCBuildConfiguration section */
		8DC70EE923C4C42900221384 /* Debug */ = {
			isa = XCBuildConfiguration;
			buildSettings = {
				ALWAYS_SEARCH_USER_PATHS = NO;
				CLANG_ANALYZER_NONNULL = YES;
				CLANG_ANALYZER_NUMBER_OBJECT_CONVERSION = YES_AGGRESSIVE;
				CLANG_CXX_LANGUAGE_STANDARD = "gnu++14";
				CLANG_CXX_LIBRARY = "libc++";
				CLANG_ENABLE_MODULES = YES;
				CLANG_ENABLE_OBJC_ARC = YES;
				CLANG_ENABLE_OBJC_WEAK = YES;
				CLANG_WARN_BLOCK_CAPTURE_AUTORELEASING = YES;
				CLANG_WARN_BOOL_CONVERSION = YES;
				CLANG_WARN_COMMA = YES;
				CLANG_WARN_CONSTANT_CONVERSION = YES;
				CLANG_WARN_DEPRECATED_OBJC_IMPLEMENTATIONS = YES;
				CLANG_WARN_DIRECT_OBJC_ISA_USAGE = YES_ERROR;
				CLANG_WARN_DOCUMENTATION_COMMENTS = YES;
				CLANG_WARN_EMPTY_BODY = YES;
				CLANG_WARN_ENUM_CONVERSION = YES;
				CLANG_WARN_INFINITE_RECURSION = YES;
				CLANG_WARN_INT_CONVERSION = YES;
				CLANG_WARN_NON_LITERAL_NULL_CONVERSION = YES;
				CLANG_WARN_OBJC_IMPLICIT_RETAIN_SELF = YES;
				CLANG_WARN_OBJC_LITERAL_CONVERSION = YES;
				CLANG_WARN_OBJC_ROOT_CLASS = YES_ERROR;
				CLANG_WARN_RANGE_LOOP_ANALYSIS = YES;
				CLANG_WARN_STRICT_PROTOTYPES = YES;
				CLANG_WARN_SUSPICIOUS_MOVE = YES;
				CLANG_WARN_UNGUARDED_AVAILABILITY = YES_AGGRESSIVE;
				CLANG_WARN_UNREACHABLE_CODE = YES;
				CLANG_WARN__DUPLICATE_METHOD_MATCH = YES;
				COPY_PHASE_STRIP = NO;
				DEBUG_INFORMATION_FORMAT = dwarf;
				ENABLE_STRICT_OBJC_MSGSEND = YES;
				ENABLE_TESTABILITY = YES;
				GCC_C_LANGUAGE_STANDARD = gnu11;
				GCC_DYNAMIC_NO_PIC = NO;
				GCC_NO_COMMON_BLOCKS = YES;
				GCC_OPTIMIZATION_LEVEL = 0;
				GCC_PREPROCESSOR_DEFINITIONS = (
					"DEBUG=1",
					"$(inherited)",
				);
				GCC_WARN_64_TO_32_BIT_CONVERSION = YES;
				GCC_WARN_ABOUT_RETURN_TYPE = YES_ERROR;
				GCC_WARN_UNDECLARED_SELECTOR = YES;
				GCC_WARN_UNINITIALIZED_AUTOS = YES_AGGRESSIVE;
				GCC_WARN_UNUSED_FUNCTION = YES;
				GCC_WARN_UNUSED_VARIABLE = YES;
				IPHONEOS_DEPLOYMENT_TARGET = 13.2;
				MTL_ENABLE_DEBUG_INFO = INCLUDE_SOURCE;
				MTL_FAST_MATH = YES;
				ONLY_ACTIVE_ARCH = YES;
				SDKROOT = iphoneos;
				SWIFT_ACTIVE_COMPILATION_CONDITIONS = DEBUG;
				SWIFT_OPTIMIZATION_LEVEL = "-Onone";
			};
			name = Debug;
		};
		8DC70EEA23C4C42900221384 /* Release */ = {
			isa = XCBuildConfiguration;
			buildSettings = {
				ALWAYS_SEARCH_USER_PATHS = NO;
				CLANG_ANALYZER_NONNULL = YES;
				CLANG_ANALYZER_NUMBER_OBJECT_CONVERSION = YES_AGGRESSIVE;
				CLANG_CXX_LANGUAGE_STANDARD = "gnu++14";
				CLANG_CXX_LIBRARY = "libc++";
				CLANG_ENABLE_MODULES = YES;
				CLANG_ENABLE_OBJC_ARC = YES;
				CLANG_ENABLE_OBJC_WEAK = YES;
				CLANG_WARN_BLOCK_CAPTURE_AUTORELEASING = YES;
				CLANG_WARN_BOOL_CONVERSION = YES;
				CLANG_WARN_COMMA = YES;
				CLANG_WARN_CONSTANT_CONVERSION = YES;
				CLANG_WARN_DEPRECATED_OBJC_IMPLEMENTATIONS = YES;
				CLANG_WARN_DIRECT_OBJC_ISA_USAGE = YES_ERROR;
				CLANG_WARN_DOCUMENTATION_COMMENTS = YES;
				CLANG_WARN_EMPTY_BODY = YES;
				CLANG_WARN_ENUM_CONVERSION = YES;
				CLANG_WARN_INFINITE_RECURSION = YES;
				CLANG_WARN_INT_CONVERSION = YES;
				CLANG_WARN_NON_LITERAL_NULL_CONVERSION = YES;
				CLANG_WARN_OBJC_IMPLICIT_RETAIN_SELF = YES;
				CLANG_WARN_OBJC_LITERAL_CONVERSION = YES;
				CLANG_WARN_OBJC_ROOT_CLASS = YES_ERROR;
				CLANG_WARN_RANGE_LOOP_ANALYSIS = YES;
				CLANG_WARN_STRICT_PROTOTYPES = YES;
				CLANG_WARN_SUSPICIOUS_MOVE = YES;
				CLANG_WARN_UNGUARDED_AVAILABILITY = YES_AGGRESSIVE;
				CLANG_WARN_UNREACHABLE_CODE = YES;
				CLANG_WARN__DUPLICATE_METHOD_MATCH = YES;
				COPY_PHASE_STRIP = NO;
				DEBUG_INFORMATION_FORMAT = "dwarf-with-dsym";
				ENABLE_NS_ASSERTIONS = NO;
				ENABLE_STRICT_OBJC_MSGSEND = YES;
				GCC_C_LANGUAGE_STANDARD = gnu11;
				GCC_NO_COMMON_BLOCKS = YES;
				GCC_WARN_64_TO_32_BIT_CONVERSION = YES;
				GCC_WARN_ABOUT_RETURN_TYPE = YES_ERROR;
				GCC_WARN_UNDECLARED_SELECTOR = YES;
				GCC_WARN_UNINITIALIZED_AUTOS = YES_AGGRESSIVE;
				GCC_WARN_UNUSED_FUNCTION = YES;
				GCC_WARN_UNUSED_VARIABLE = YES;
				IPHONEOS_DEPLOYMENT_TARGET = 13.2;
				MTL_ENABLE_DEBUG_INFO = NO;
				MTL_FAST_MATH = YES;
				SDKROOT = iphoneos;
				SWIFT_COMPILATION_MODE = wholemodule;
				SWIFT_OPTIMIZATION_LEVEL = "-O";
				VALIDATE_PRODUCT = YES;
			};
			name = Release;
		};
		8DC70EEC23C4C42900221384 /* Debug */ = {
			isa = XCBuildConfiguration;
			buildSettings = {
				ASSETCATALOG_COMPILER_APPICON_NAME = AppIcon;
				CODE_SIGN_STYLE = Automatic;
				DEVELOPMENT_TEAM = YH2LL6KMKW;
				INFOPLIST_FILE = MVP/Info.plist;
				LD_RUNPATH_SEARCH_PATHS = (
					"$(inherited)",
					"@executable_path/Frameworks",
				);
				PRODUCT_BUNDLE_IDENTIFIER = "Nikita-Lizogubov.MVP";
				PRODUCT_NAME = "$(TARGET_NAME)";
				SWIFT_VERSION = 5.0;
				TARGETED_DEVICE_FAMILY = "1,2";
			};
			name = Debug;
		};
		8DC70EED23C4C42900221384 /* Release */ = {
			isa = XCBuildConfiguration;
			buildSettings = {
				ASSETCATALOG_COMPILER_APPICON_NAME = AppIcon;
				CODE_SIGN_STYLE = Automatic;
				DEVELOPMENT_TEAM = YH2LL6KMKW;
				INFOPLIST_FILE = MVP/Info.plist;
				LD_RUNPATH_SEARCH_PATHS = (
					"$(inherited)",
					"@executable_path/Frameworks",
				);
				PRODUCT_BUNDLE_IDENTIFIER = "Nikita-Lizogubov.MVP";
				PRODUCT_NAME = "$(TARGET_NAME)";
				SWIFT_VERSION = 5.0;
				TARGETED_DEVICE_FAMILY = "1,2";
			};
			name = Release;
		};
/* End XCBuildConfiguration section */

/* Begin XCConfigurationList section */
		8DC70ED223C4C42800221384 /* Build configuration list for PBXProject "MVP" */ = {
			isa = XCConfigurationList;
			buildConfigurations = (
				8DC70EE923C4C42900221384 /* Debug */,
				8DC70EEA23C4C42900221384 /* Release */,
			);
			defaultConfigurationIsVisible = 0;
			defaultConfigurationName = Release;
		};
		8DC70EEB23C4C42900221384 /* Build configuration list for PBXNativeTarget "MVP" */ = {
			isa = XCConfigurationList;
			buildConfigurations = (
				8DC70EEC23C4C42900221384 /* Debug */,
				8DC70EED23C4C42900221384 /* Release */,
			);
			defaultConfigurationIsVisible = 0;
			defaultConfigurationName = Release;
		};
/* End XCConfigurationList section */
	};
	rootObject = 8DC70ECF23C4C42800221384 /* Project object */;
}
